{
  "name": "ibit",
  "version": "1.0.0",
  "lockfileVersion": 1,
  "requires": true,
  "dependencies": {
    "@types/i18next": {
      "version": "2.3.40",
      "resolved": "https://registry.npmjs.org/@types/i18next/-/i18next-2.3.40.tgz",
      "integrity": "sha512-TvK0V++aUnneloaTtvSu5L1X8RT08pq4GZk2GqeJA4aP54cRRXSQRyO/IhXHj7kRz1nVpBmGcMUKfmXk0jI20w==",
      "dev": true
    },
    "@types/i18next-node-fs-backend": {
      "version": "0.0.29",
      "resolved": "https://registry.npmjs.org/@types/i18next-node-fs-backend/-/i18next-node-fs-backend-0.0.29.tgz",
      "integrity": "sha512-FCf1weudPeXpSY99AR2GRzI89MjuhFK3FauiFBRGTUKQtrDngiBD8pM9Vyw8BPxikuO96AKZf2sKrlfd6ox4Aw==",
      "dev": true,
      "requires": {
        "@types/i18next": "2.3.40"
      }
    },
    "@types/react": {
      "version": "16.0.34",
      "resolved": "https://registry.npmjs.org/@types/react/-/react-16.0.34.tgz",
      "integrity": "sha512-Ee66fX2qMsDnDq7sPnDtq1bGoo479j6Fo1BlSnne+L5rp6ndzBUgz72+MRNuN56zg9uuteRCkJAMdDJEX2Uqig==",
      "dev": true
    }
  }
}
